
Microsoft Visual Studio Solution File, Format Version 12.00
# Visual Studio Version 16
VisualStudioVersion = 16.0.29806.167
MinimumVisualStudioVersion = 10.0.40219.1
Project("{FAE04EC0-301F-11D3-BF4B-00C04F79EFBC}") = "XunitTestCaseExample", "XunitTestCaseExample\XunitTestCaseExample.csproj", "{0E4F63B8-F753-4457-A4AC-4211D12B0541}"
EndProject
Project("{FAE04EC0-301F-11D3-BF4B-00C04F79EFBC}") = "TestCases", "TestCases\TestCases.csproj", "{5B63CD09-890D-4DDC-B36B-0DCA2DC3D014}"
EndProject
Project("{2150E333-8FDC-42A3-9474-1A3956D46DE8}") = "Solution Items", "Solution Items", "{F877FCAF-2E08-49D9-A894-A87645D749DD}"
	ProjectSection(SolutionItems) = preProject
		.gitignore = .gitignore
	EndProjectSection
EndProject
Global
	GlobalSection(SolutionConfigurationPlatforms) = preSolution
		Debug|Any CPU = Debug|Any CPU
		Release|Any CPU = Release|Any CPU
	EndGlobalSection
	GlobalSection(ProjectConfigurationPlatforms) = postSolution
		{0E4F63B8-F753-4457-A4AC-4211D12B0541}.Debug|Any CPU.ActiveCfg = Debug|Any CPU
		{0E4F63B8-F753-4457-A4AC-4211D12B0541}.Debug|Any CPU.Build.0 = Debug|Any CPU
		{0E4F63B8-F753-4457-A4AC-4211D12B0541}.Release|Any CPU.ActiveCfg = Release|Any CPU
		{0E4F63B8-F753-4457-A4AC-4211D12B0541}.Release|Any CPU.Build.0 = Release|Any CPU
		{5B63CD09-890D-4DDC-B36B-0DCA2DC3D014}.Debug|Any CPU.ActiveCfg = Debug|Any CPU
		{5B63CD09-890D-4DDC-B36B-0DCA2DC3D014}.Debug|Any CPU.Build.0 = Debug|Any CPU
		{5B63CD09-890D-4DDC-B36B-0DCA2DC3D014}.Release|Any CPU.ActiveCfg = Release|Any CPU
		{5B63CD09-890D-4DDC-B36B-0DCA2DC3D014}.Release|Any CPU.Build.0 = Release|Any CPU
	EndGlobalSection
	GlobalSection(SolutionProperties) = preSolution
		HideSolutionNode = FALSE
	EndGlobalSection
	GlobalSection(ExtensibilityGlobals) = postSolution
		SolutionGuid = {495F9325-4C65-4487-97DA-219A36BBF3A6}
	EndGlobalSection
EndGlobal
